// !$*UTF8*$!
{
	archiveVersion = 1;
	classes = {
	};
	objectVersion = 77;
	objects = {

/* Begin PBXBuildFile section */
		BD9AA4462DD28420006149C6 /* FirebaseAuth in Frameworks */ = {isa = PBXBuildFile; productRef = BD9AA4452DD28420006149C6 /* FirebaseAuth */; };
		BD9AA4712DD28545006149C6 /* FirebaseCore in Frameworks */ = {isa = PBXBuildFile; productRef = BD9AA4702DD28545006149C6 /* FirebaseCore */; };
/* End PBXBuildFile section */

/* Begin PBXContainerItemProxy section */
		BD9DBD012DD1C23C00782438 /* PBXContainerItemProxy */ = {
			isa = PBXContainerItemProxy;
			containerPortal = BD9DBCE82DD1C23A00782438 /* Project object */;
			proxyType = 1;
			remoteGlobalIDString = BD9DBCEF2DD1C23A00782438;
			remoteInfo = SmartShopApp;
		};
		BD9DBD0B2DD1C23C00782438 /* PBXContainerItemProxy */ = {
			isa = PBXContainerItemProxy;
			containerPortal = BD9DBCE82DD1C23A00782438 /* Project object */;
			proxyType = 1;
			remoteGlobalIDString = BD9DBCEF2DD1C23A00782438;
			remoteInfo = SmartShopApp;
		};
/* End PBXContainerItemProxy section */

/* Begin PBXFileReference section */
		BD9DBCF02DD1C23A00782438 /* SmartShopApp.app */ = {isa = PBXFileReference; explicitFileType = wrapper.application; includeInIndex = 0; path = SmartShopApp.app; sourceTree = BUILT_PRODUCTS_DIR; };
		BD9DBD002DD1C23C00782438 /* SmartShopAppTests.xctest */ = {isa = PBXFileReference; explicitFileType = wrapper.cfbundle; includeInIndex = 0; path = SmartShopAppTests.xctest; sourceTree = BUILT_PRODUCTS_DIR; };
		BD9DBD0A2DD1C23C00782438 /* SmartShopAppUITests.xctest */ = {isa = PBXFileReference; explicitFileType = wrapper.cfbundle; includeInIndex = 0; path = SmartShopAppUITests.xctest; sourceTree = BUILT_PRODUCTS_DIR; };
/* End PBXFileReference section */

/* Begin PBXFileSystemSynchronizedRootGroup section */
		BD9DBCF22DD1C23A00782438 /* SmartShopApp */ = {
			isa = PBXFileSystemSynchronizedRootGroup;
			path = SmartShopApp;
			sourceTree = "<group>";
		};
/* End PBXFileSystemSynchronizedRootGroup section */

/* Begin PBXFrameworksBuildPhase section */
		BD9DBCED2DD1C23A00782438 /* Frameworks */ = {
			isa = PBXFrameworksBuildPhase;
			buildActionMask = 2147483647;
			files = (
				BD9AA4712DD28545006149C6 /* FirebaseCore in Frameworks */,
				BD9AA4462DD28420006149C6 /* FirebaseAuth in Frameworks */,
			);
			runOnlyForDeploymentPostprocessing = 0;
		};
		BD9DBCFD2DD1C23C00782438 /* Frameworks */ = {
			isa = PBXFrameworksBuildPhase;
			buildActionMask = 2147483647;
			files = (
			);
			runOnlyForDeploymentPostprocessing = 0;
		};
		BD9DBD072DD1C23C00782438 /* Frameworks */ = {
			isa = PBXFrameworksBuildPhase;
			buildActionMask = 2147483647;
			files = (
			);
			runOnlyForDeploymentPostprocessing = 0;
		};
/* End PBXFrameworksBuildPhase section */

/* Begin PBXGroup section */
		BD9AA4442DD28420006149C6 /* Frameworks */ = {
			isa = PBXGroup;
			children = (
			);
			name = Frameworks;
			sourceTree = "<group>";
		};
		BD9DBCE72DD1C23A00782438 = {
			isa = PBXGroup;
			children = (
				BD9DBCF22DD1C23A00782438 /* SmartShopApp */,
				BD9AA4442DD28420006149C6 /* Frameworks */,
				BD9DBCF12DD1C23A00782438 /* Products */,
			);
			sourceTree = "<group>";
		};
		BD9DBCF12DD1C23A00782438 /* Products */ = {
			isa = PBXGroup;
			children = (
				BD9DBCF02DD1C23A00782438 /* SmartShopApp.app */,
				BD9DBD002DD1C23C00782438 /* SmartShopAppTests.xctest */,
				BD9DBD0A2DD1C23C00782438 /* SmartShopAppUITests.xctest */,
			);
			name = Products;
			sourceTree = "<group>";
		};
/* End PBXGroup section */

/* Begin PBXNativeTarget section */
		BD9DBCEF2DD1C23A00782438 /* SmartShopApp */ = {
			isa = PBXNativeTarget;
			buildConfigurationList = BD9DBD142DD1C23C00782438 /* Build configuration list for PBXNativeTarget "SmartShopApp" */;
			buildPhases = (
				BD9DBCEC2DD1C23A00782438 /* Sources */,
				BD9DBCED2DD1C23A00782438 /* Frameworks */,
				BD9DBCEE2DD1C23A00782438 /* Resources */,
			);
			buildRules = (
			);
			dependencies = (
			);
			fileSystemSynchronizedGroups = (
				BD9DBCF22DD1C23A00782438 /* SmartShopApp */,
			);
			name = SmartShopApp;
			packageProductDependencies = (
				BD9AA4452DD28420006149C6 /* FirebaseAuth */,
				BD9AA4702DD28545006149C6 /* FirebaseCore */,
			);
			productName = SmartShopApp;
			productReference = BD9DBCF02DD1C23A00782438 /* SmartShopApp.app */;
			productType = "com.apple.product-type.application";
		};
		BD9DBCFF2DD1C23C00782438 /* SmartShopAppTests */ = {
			isa = PBXNativeTarget;
			buildConfigurationList = BD9DBD172DD1C23C00782438 /* Build configuration list for PBXNativeTarget "SmartShopAppTests" */;
			buildPhases = (
				BD9DBCFC2DD1C23C00782438 /* Sources */,
				BD9DBCFD2DD1C23C00782438 /* Frameworks */,
				BD9DBCFE2DD1C23C00782438 /* Resources */,
			);
			buildRules = (
			);
			dependencies = (
				BD9DBD022DD1C23C00782438 /* PBXTargetDependency */,
			);
			name = SmartShopAppTests;
			packageProductDependencies = (
			);
			productName = SmartShopAppTests;
			productReference = BD9DBD002DD1C23C00782438 /* SmartShopAppTests.xctest */;
			productType = "com.apple.product-type.bundle.unit-test";
		};
		BD9DBD092DD1C23C00782438 /* SmartShopAppUITests */ = {
			isa = PBXNativeTarget;
			buildConfigurationList = BD9DBD1A2DD1C23C00782438 /* Build configuration list for PBXNativeTarget "SmartShopAppUITests" */;
			buildPhases = (
				BD9DBD062DD1C23C00782438 /* Sources */,
				BD9DBD072DD1C23C00782438 /* Frameworks */,
				BD9DBD082DD1C23C00782438 /* Resources */,
			);
			buildRules = (
			);
			dependencies = (
				BD9DBD0C2DD1C23C00782438 /* PBXTargetDependency */,
			);
			name = SmartShopAppUITests;
			packageProductDependencies = (
			);
			productName = SmartShopAppUITests;
			productReference = BD9DBD0A2DD1C23C00782438 /* SmartShopAppUITests.xctest */;
			productType = "com.apple.product-type.bundle.ui-testing";
		};
/* End PBXNativeTarget section */

/* Begin PBXProject section */
		BD9DBCE82DD1C23A00782438 /* Project object */ = {
			isa = PBXProject;
			attributes = {
				BuildIndependentTargetsInParallel = 1;
				LastSwiftUpdateCheck = 1620;
				LastUpgradeCheck = 1620;
				TargetAttributes = {
					BD9DBCEF2DD1C23A00782438 = {
						CreatedOnToolsVersion = 16.2;
					};
					BD9DBCFF2DD1C23C00782438 = {
						CreatedOnToolsVersion = 16.2;
						TestTargetID = BD9DBCEF2DD1C23A00782438;
					};
					BD9DBD092DD1C23C00782438 = {
						CreatedOnToolsVersion = 16.2;
						TestTargetID = BD9DBCEF2DD1C23A00782438;
					};
				};
			};
			buildConfigurationList = BD9DBCEB2DD1C23A00782438 /* Build configuration list for PBXProject "SmartShopApp" */;
			developmentRegion = en;
			hasScannedForEncodings = 0;
			knownRegions = (
				en,
				Base,
			);
			mainGroup = BD9DBCE72DD1C23A00782438;
			minimizedProjectReferenceProxies = 1;
			packageReferences = (
				BD9DBD6D2DD1C5FA00782438 /* XCRemoteSwiftPackageReference "firebase-ios-sdk" */,
			);
			preferredProjectObjectVersion = 77;
			productRefGroup = BD9DBCF12DD1C23A00782438 /* Products */;
			projectDirPath = "";
			projectRoot = "";
			targets = (
				BD9DBCEF2DD1C23A00782438 /* SmartShopApp */,
				BD9DBCFF2DD1C23C00782438 /* SmartShopAppTests */,
				BD9DBD092DD1C23C00782438 /* SmartShopAppUITests */,
			);
		};
/* End PBXProject section */

/* Begin PBXResourcesBuildPhase section */
		BD9DBCEE2DD1C23A00782438 /* Resources */ = {
			isa = PBXResourcesBuildPhase;
			buildActionMask = 2147483647;
			files = (
			);
			runOnlyForDeploymentPostprocessing = 0;
		};
		BD9DBCFE2DD1C23C00782438 /* Resources */ = {
			isa = PBXResourcesBuildPhase;
			buildActionMask = 2147483647;
			files = (
			);
			runOnlyForDeploymentPostprocessing = 0;
		};
		BD9DBD082DD1C23C00782438 /* Resources */ = {
			isa = PBXResourcesBuildPhase;
			buildActionMask = 2147483647;
			files = (
			);
			runOnlyForDeploymentPostprocessing = 0;
		};
/* End PBXResourcesBuildPhase section */

/* Begin PBXSourcesBuildPhase section */
		BD9DBCEC2DD1C23A00782438 /* Sources */ = {
			isa = PBXSourcesBuildPhase;
			buildActionMask = 2147483647;
			files = (
			);
			runOnlyForDeploymentPostprocessing = 0;
		};
		BD9DBCFC2DD1C23C00782438 /* Sources */ = {
			isa = PBXSourcesBuildPhase;
			buildActionMask = 2147483647;
			files = (
			);
			runOnlyForDeploymentPostprocessing = 0;
		};
		BD9DBD062DD1C23C00782438 /* Sources */ = {
			isa = PBXSourcesBuildPhase;
			buildActionMask = 2147483647;
			files = (
			);
			runOnlyForDeploymentPostprocessing = 0;
		};
/* End PBXSourcesBuildPhase section */

/* Begin PBXTargetDependency section */
		BD9DBD022DD1C23C00782438 /* PBXTargetDependency */ = {
			isa = PBXTargetDependency;
			target = BD9DBCEF2DD1C23A00782438 /* SmartShopApp */;
			targetProxy = BD9DBD012DD1C23C00782438 /* PBXContainerItemProxy */;
		};
		BD9DBD0C2DD1C23C00782438 /* PBXTargetDependency */ = {
			isa = PBXTargetDependency;
			target = BD9DBCEF2DD1C23A00782438 /* SmartShopApp */;
			targetProxy = BD9DBD0B2DD1C23C00782438 /* PBXContainerItemProxy */;
		};
/* End PBXTargetDependency section */

/* Begin XCBuildConfiguration section */
		BD9DBD122DD1C23C00782438 /* Debug */ = {
			isa = XCBuildConfiguration;
			buildSettings = {
				ALWAYS_SEARCH_USER_PATHS = NO;
				ASSETCATALOG_COMPILER_GENERATE_SWIFT_ASSET_SYMBOL_EXTENSIONS = YES;
				CLANG_ANALYZER_NONNULL = YES;
				CLANG_ANALYZER_NUMBER_OBJECT_CONVERSION = YES_AGGRESSIVE;
				CLANG_CXX_LANGUAGE_STANDARD = "gnu++20";
				CLANG_ENABLE_MODULES = YES;
				CLANG_ENABLE_OBJC_ARC = YES;
				CLANG_ENABLE_OBJC_WEAK = YES;
				CLANG_WARN_BLOCK_CAPTURE_AUTORELEASING = YES;
				CLANG_WARN_BOOL_CONVERSION = YES;
				CLANG_WARN_COMMA = YES;
				CLANG_WARN_CONSTANT_CONVERSION = YES;
				CLANG_WARN_DEPRECATED_OBJC_IMPLEMENTATIONS = YES;
				CLANG_WARN_DIRECT_OBJC_ISA_USAGE = YES_ERROR;
				CLANG_WARN_DOCUMENTATION_COMMENTS = YES;
				CLANG_WARN_EMPTY_BODY = YES;
				CLANG_WARN_ENUM_CONVERSION = YES;
				CLANG_WARN_INFINITE_RECURSION = YES;
				CLANG_WARN_INT_CONVERSION = YES;
				CLANG_WARN_NON_LITERAL_NULL_CONVERSION = YES;
				CLANG_WARN_OBJC_IMPLICIT_RETAIN_SELF = YES;
				CLANG_WARN_OBJC_LITERAL_CONVERSION = YES;
				CLANG_WARN_OBJC_ROOT_CLASS = YES_ERROR;
				CLANG_WARN_QUOTED_INCLUDE_IN_FRAMEWORK_HEADER = YES;
				CLANG_WARN_RANGE_LOOP_ANALYSIS = YES;
				CLANG_WARN_STRICT_PROTOTYPES = YES;
				CLANG_WARN_SUSPICIOUS_MOVE = YES;
				CLANG_WARN_UNGUARDED_AVAILABILITY = YES_AGGRESSIVE;
				CLANG_WARN_UNREACHABLE_CODE = YES;
				CLANG_WARN__DUPLICATE_METHOD_MATCH = YES;
				COPY_PHASE_STRIP = NO;
				DEBUG_INFORMATION_FORMAT = dwarf;
				ENABLE_STRICT_OBJC_MSGSEND = YES;
				ENABLE_TESTABILITY = YES;
				ENABLE_USER_SCRIPT_SANDBOXING = YES;
				GCC_C_LANGUAGE_STANDARD = gnu17;
				GCC_DYNAMIC_NO_PIC = NO;
				GCC_NO_COMMON_BLOCKS = YES;
				GCC_OPTIMIZATION_LEVEL = 0;
				GCC_PREPROCESSOR_DEFINITIONS = (
					"DEBUG=1",
					"$(inherited)",
				);
				GCC_WARN_64_TO_32_BIT_CONVERSION = YES;
				GCC_WARN_ABOUT_RETURN_TYPE = YES_ERROR;
				GCC_WARN_UNDECLARED_SELECTOR = YES;
				GCC_WARN_UNINITIALIZED_AUTOS = YES_AGGRESSIVE;
				GCC_WARN_UNUSED_FUNCTION = YES;
				GCC_WARN_UNUSED_VARIABLE = YES;
				IPHONEOS_DEPLOYMENT_TARGET = 18.2;
				LOCALIZATION_PREFERS_STRING_CATALOGS = YES;
				MTL_ENABLE_DEBUG_INFO = INCLUDE_SOURCE;
				MTL_FAST_MATH = YES;
				ONLY_ACTIVE_ARCH = YES;
				SDKROOT = iphoneos;
				SWIFT_ACTIVE_COMPILATION_CONDITIONS = "DEBUG $(inherited)";
				SWIFT_OPTIMIZATION_LEVEL = "-Onone";
			};
			name = Debug;
		};
		BD9DBD132DD1C23C00782438 /* Release */ = {
			isa = XCBuildConfiguration;
			buildSettings = {
				ALWAYS_SEARCH_USER_PATHS = NO;
				ASSETCATALOG_COMPILER_GENERATE_SWIFT_ASSET_SYMBOL_EXTENSIONS = YES;
				CLANG_ANALYZER_NONNULL = YES;
				CLANG_ANALYZER_NUMBER_OBJECT_CONVERSION = YES_AGGRESSIVE;
				CLANG_CXX_LANGUAGE_STANDARD = "gnu++20";
				CLANG_ENABLE_MODULES = YES;
				CLANG_ENABLE_OBJC_ARC = YES;
				CLANG_ENABLE_OBJC_WEAK = YES;
				CLANG_WARN_BLOCK_CAPTURE_AUTORELEASING = YES;
				CLANG_WARN_BOOL_CONVERSION = YES;
				CLANG_WARN_COMMA = YES;
				CLANG_WARN_CONSTANT_CONVERSION = YES;
				CLANG_WARN_DEPRECATED_OBJC_IMPLEMENTATIONS = YES;
				CLANG_WARN_DIRECT_OBJC_ISA_USAGE = YES_ERROR;
				CLANG_WARN_DOCUMENTATION_COMMENTS = YES;
				CLANG_WARN_EMPTY_BODY = YES;
				CLANG_WARN_ENUM_CONVERSION = YES;
				CLANG_WARN_INFINITE_RECURSION = YES;
				CLANG_WARN_INT_CONVERSION = YES;
				CLANG_WARN_NON_LITERAL_NULL_CONVERSION = YES;
				CLANG_WARN_OBJC_IMPLICIT_RETAIN_SELF = YES;
				CLANG_WARN_OBJC_LITERAL_CONVERSION = YES;
				CLANG_WARN_OBJC_ROOT_CLASS = YES_ERROR;
				CLANG_WARN_QUOTED_INCLUDE_IN_FRAMEWORK_HEADER = YES;
				CLANG_WARN_RANGE_LOOP_ANALYSIS = YES;
				CLANG_WARN_STRICT_PROTOTYPES = YES;
				CLANG_WARN_SUSPICIOUS_MOVE = YES;
				CLANG_WARN_UNGUARDED_AVAILABILITY = YES_AGGRESSIVE;
				CLANG_WARN_UNREACHABLE_CODE = YES;
				CLANG_WARN__DUPLICATE_METHOD_MATCH = YES;
				COPY_PHASE_STRIP = NO;
				DEBUG_INFORMATION_FORMAT = "dwarf-with-dsym";
				ENABLE_NS_ASSERTIONS = NO;
				ENABLE_STRICT_OBJC_MSGSEND = YES;
				ENABLE_USER_SCRIPT_SANDBOXING = YES;
				GCC_C_LANGUAGE_STANDARD = gnu17;
				GCC_NO_COMMON_BLOCKS = YES;
				GCC_WARN_64_TO_32_BIT_CONVERSION = YES;
				GCC_WARN_ABOUT_RETURN_TYPE = YES_ERROR;
				GCC_WARN_UNDECLARED_SELECTOR = YES;
				GCC_WARN_UNINITIALIZED_AUTOS = YES_AGGRESSIVE;
				GCC_WARN_UNUSED_FUNCTION = YES;
				GCC_WARN_UNUSED_VARIABLE = YES;
				IPHONEOS_DEPLOYMENT_TARGET = 18.2;
				LOCALIZATION_PREFERS_STRING_CATALOGS = YES;
				MTL_ENABLE_DEBUG_INFO = NO;
				MTL_FAST_MATH = YES;
				SDKROOT = iphoneos;
				SWIFT_COMPILATION_MODE = wholemodule;
				VALIDATE_PRODUCT = YES;
			};
			name = Release;
		};
		BD9DBD152DD1C23C00782438 /* Debug */ = {
			isa = XCBuildConfiguration;
			buildSettings = {
				ASSETCATALOG_COMPILER_APPICON_NAME = AppIcon;
				ASSETCATALOG_COMPILER_GLOBAL_ACCENT_COLOR_NAME = AccentColor;
				CODE_SIGN_STYLE = Automatic;
				CURRENT_PROJECT_VERSION = 1;
				DEVELOPMENT_ASSET_PATHS = "\"SmartShopApp/Preview Content\"";
				ENABLE_PREVIEWS = YES;
				GENERATE_INFOPLIST_FILE = YES;
				INFOPLIST_KEY_UIApplicationSceneManifest_Generation = YES;
				INFOPLIST_KEY_UIApplicationSupportsIndirectInputEvents = YES;
				INFOPLIST_KEY_UILaunchScreen_Generation = YES;
				INFOPLIST_KEY_UISupportedInterfaceOrientations_iPad = "UIInterfaceOrientationPortrait UIInterfaceOrientationPortraitUpsideDown UIInterfaceOrientationLandscapeLeft UIInterfaceOrientationLandscapeRight";
				INFOPLIST_KEY_UISupportedInterfaceOrientations_iPhone = "UIInterfaceOrientationPortrait UIInterfaceOrientationLandscapeLeft UIInterfaceOrientationLandscapeRight";
				LD_RUNPATH_SEARCH_PATHS = (
					"$(inherited)",
					"@executable_path/Frameworks",
				);
				MARKETING_VERSION = 1.0;
				PRODUCT_BUNDLE_IDENTIFIER = era.SmartShopApp;
				PRODUCT_NAME = "$(TARGET_NAME)";
				SWIFT_EMIT_LOC_STRINGS = YES;
				SWIFT_VERSION = 5.0;
				TARGETED_DEVICE_FAMILY = "1,2";
			};
			name = Debug;
		};
		BD9DBD162DD1C23C00782438 /* Release */ = {
			isa = XCBuildConfiguration;
			buildSettings = {
				ASSETCATALOG_COMPILER_APPICON_NAME = AppIcon;
				ASSETCATALOG_COMPILER_GLOBAL_ACCENT_COLOR_NAME = AccentColor;
				CODE_SIGN_STYLE = Automatic;
				CURRENT_PROJECT_VERSION = 1;
				DEVELOPMENT_ASSET_PATHS = "\"SmartShopApp/Preview Content\"";
				ENABLE_PREVIEWS = YES;
				GENERATE_INFOPLIST_FILE = YES;
				INFOPLIST_KEY_UIApplicationSceneManifest_Generation = YES;
				INFOPLIST_KEY_UIApplicationSupportsIndirectInputEvents = YES;
				INFOPLIST_KEY_UILaunchScreen_Generation = YES;
				INFOPLIST_KEY_UISupportedInterfaceOrientations_iPad = "UIInterfaceOrientationPortrait UIInterfaceOrientationPortraitUpsideDown UIInterfaceOrientationLandscapeLeft UIInterfaceOrientationLandscapeRight";
				INFOPLIST_KEY_UISupportedInterfaceOrientations_iPhone = "UIInterfaceOrientationPortrait UIInterfaceOrientationLandscapeLeft UIInterfaceOrientationLandscapeRight";
				LD_RUNPATH_SEARCH_PATHS = (
					"$(inherited)",
					"@executable_path/Frameworks",
				);
				MARKETING_VERSION = 1.0;
				PRODUCT_BUNDLE_IDENTIFIER = era.SmartShopApp;
				PRODUCT_NAME = "$(TARGET_NAME)";
				SWIFT_EMIT_LOC_STRINGS = YES;
				SWIFT_VERSION = 5.0;
				TARGETED_DEVICE_FAMILY = "1,2";
			};
			name = Release;
		};
		BD9DBD182DD1C23C00782438 /* Debug */ = {
			isa = XCBuildConfiguration;
			buildSettings = {
				BUNDLE_LOADER = "$(TEST_HOST)";
				CODE_SIGN_STYLE = Automatic;
				CURRENT_PROJECT_VERSION = 1;
				GENERATE_INFOPLIST_FILE = YES;
				IPHONEOS_DEPLOYMENT_TARGET = 18.2;
				MARKETING_VERSION = 1.0;
				PRODUCT_BUNDLE_IDENTIFIER = era.SmartShopAppTests;
				PRODUCT_NAME = "$(TARGET_NAME)";
				SWIFT_EMIT_LOC_STRINGS = NO;
				SWIFT_VERSION = 5.0;
				TARGETED_DEVICE_FAMILY = "1,2";
				TEST_HOST = "$(BUILT_PRODUCTS_DIR)/SmartShopApp.app/$(BUNDLE_EXECUTABLE_FOLDER_PATH)/SmartShopApp";
			};
			name = Debug;
		};
		BD9DBD192DD1C23C00782438 /* Release */ = {
			isa = XCBuildConfiguration;
			buildSettings = {
				BUNDLE_LOADER = "$(TEST_HOST)";
				CODE_SIGN_STYLE = Automatic;
				CURRENT_PROJECT_VERSION = 1;
				GENERATE_INFOPLIST_FILE = YES;
				IPHONEOS_DEPLOYMENT_TARGET = 18.2;
				MARKETING_VERSION = 1.0;
				PRODUCT_BUNDLE_IDENTIFIER = era.SmartShopAppTests;
				PRODUCT_NAME = "$(TARGET_NAME)";
				SWIFT_EMIT_LOC_STRINGS = NO;
				SWIFT_VERSION = 5.0;
				TARGETED_DEVICE_FAMILY = "1,2";
				TEST_HOST = "$(BUILT_PRODUCTS_DIR)/SmartShopApp.app/$(BUNDLE_EXECUTABLE_FOLDER_PATH)/SmartShopApp";
			};
			name = Release;
		};
		BD9DBD1B2DD1C23C00782438 /* Debug */ = {
			isa = XCBuildConfiguration;
			buildSettings = {
				CODE_SIGN_STYLE = Automatic;
				CURRENT_PROJECT_VERSION = 1;
				GENERATE_INFOPLIST_FILE = YES;
				MARKETING_VERSION = 1.0;
				PRODUCT_BUNDLE_IDENTIFIER = era.SmartShopAppUITests;
				PRODUCT_NAME = "$(TARGET_NAME)";
				SWIFT_EMIT_LOC_STRINGS = NO;
				SWIFT_VERSION = 5.0;
				TARGETED_DEVICE_FAMILY = "1,2";
				TEST_TARGET_NAME = SmartShopApp;
			};
			name = Debug;
		};
		BD9DBD1C2DD1C23C00782438 /* Release */ = {
			isa = XCBuildConfiguration;
			buildSettings = {
				CODE_SIGN_STYLE = Automatic;
				CURRENT_PROJECT_VERSION = 1;
				GENERATE_INFOPLIST_FILE = YES;
				MARKETING_VERSION = 1.0;
				PRODUCT_BUNDLE_IDENTIFIER = era.SmartShopAppUITests;
				PRODUCT_NAME = "$(TARGET_NAME)";
				SWIFT_EMIT_LOC_STRINGS = NO;
				SWIFT_VERSION = 5.0;
				TARGETED_DEVICE_FAMILY = "1,2";
				TEST_TARGET_NAME = SmartShopApp;
			};
			name = Release;
		};
/* End XCBuildConfiguration section */

/* Begin XCConfigurationList section */
		BD9DBCEB2DD1C23A00782438 /* Build configuration list for PBXProject "SmartShopApp" */ = {
			isa = XCConfigurationList;
			buildConfigurations = (
				BD9DBD122DD1C23C00782438 /* Debug */,
				BD9DBD132DD1C23C00782438 /* Release */,
			);
			defaultConfigurationIsVisible = 0;
			defaultConfigurationName = Release;
		};
		BD9DBD142DD1C23C00782438 /* Build configuration list for PBXNativeTarget "SmartShopApp" */ = {
			isa = XCConfigurationList;
			buildConfigurations = (
				BD9DBD152DD1C23C00782438 /* Debug */,
				BD9DBD162DD1C23C00782438 /* Release */,
			);
			defaultConfigurationIsVisible = 0;
			defaultConfigurationName = Release;
		};
		BD9DBD172DD1C23C00782438 /* Build configuration list for PBXNativeTarget "SmartShopAppTests" */ = {
			isa = XCConfigurationList;
			buildConfigurations = (
				BD9DBD182DD1C23C00782438 /* Debug */,
				BD9DBD192DD1C23C00782438 /* Release */,
			);
			defaultConfigurationIsVisible = 0;
			defaultConfigurationName = Release;
		};
		BD9DBD1A2DD1C23C00782438 /* Build configuration list for PBXNativeTarget "SmartShopAppUITests" */ = {
			isa = XCConfigurationList;
			buildConfigurations = (
				BD9DBD1B2DD1C23C00782438 /* Debug */,
				BD9DBD1C2DD1C23C00782438 /* Release */,
			);
			defaultConfigurationIsVisible = 0;
			defaultConfigurationName = Release;
		};
/* End XCConfigurationList section */

/* Begin XCRemoteSwiftPackageReference section */
		BD9DBD6D2DD1C5FA00782438 /* XCRemoteSwiftPackageReference "firebase-ios-sdk" */ = {
			isa = XCRemoteSwiftPackageReference;
			repositoryURL = "https://github.com/firebase/firebase-ios-sdk";
			requirement = {
				kind = upToNextMajorVersion;
				minimumVersion = 11.12.0;
			};
		};
/* End XCRemoteSwiftPackageReference section */

/* Begin XCSwiftPackageProductDependency section */
		BD9AA4452DD28420006149C6 /* FirebaseAuth */ = {
			isa = XCSwiftPackageProductDependency;
			package = BD9DBD6D2DD1C5FA00782438 /* XCRemoteSwiftPackageReference "firebase-ios-sdk" */;
			productName = FirebaseAuth;
		};
		BD9AA4702DD28545006149C6 /* FirebaseCore */ = {
			isa = XCSwiftPackageProductDependency;
			package = BD9DBD6D2DD1C5FA00782438 /* XCRemoteSwiftPackageReference "firebase-ios-sdk" */;
			productName = FirebaseCore;
		};
/* End XCSwiftPackageProductDependency section */
	};
	rootObject = BD9DBCE82DD1C23A00782438 /* Project object */;
}
